github.com/mehoggan/vinyl-collection-service-go v0.0.1 h1:X8vK+OuxjZycB3+dpvTnWfvi0IMflV+BWZeMUPPtnyE=
github.com/mehoggan/vinyl-collection-service-go v0.0.1/go.mod h1:5JCqV9JOH6o58aluJRhZ02ccoyGlyIF2HYsAmXm5pFU=
github.com/mehoggan/vinyl-collection-service-go v0.0.2 h1:9V6sEa2ADAJSreWFvUx6baTGS6yBGTM2sORHgGD129M=
github.com/mehoggan/vinyl-collection-service-go v0.0.2/go.mod h1:5JCqV9JOH6o58aluJRhZ02ccoyGlyIF2HYsAmXm5pFU=
