github.com/mehoggan/simple-wiki-web-app-go v0.1.0 h1:OeDLPDV2MLWb4dBIHPKE42INyNCLEkMrLO3QOPw6jJ4=
github.com/mehoggan/simple-wiki-web-app-go v0.1.0/go.mod h1:pIaxps5jmc9pn0J9JDiSCblrXLVPEAta+hDLHKOZvjw=
github.com/mehoggan/simple-wiki-web-app-go v0.1.1 h1:PogEM9bBEWpa62FZrg1X6Fcmjf5rVZHCdmWEXpAzCh8=
github.com/mehoggan/simple-wiki-web-app-go v0.1.1/go.mod h1:pIaxps5jmc9pn0J9JDiSCblrXLVPEAta+hDLHKOZvjw=
github.com/mehoggan/simple-wiki-web-app-go v0.1.2 h1:JhBaGKMiMvQDewiKEgSu3dfMG5klu1TT6Rq/ZbpOL6Y=
github.com/mehoggan/simple-wiki-web-app-go v0.1.2/go.mod h1:pIaxps5jmc9pn0J9JDiSCblrXLVPEAta+hDLHKOZvjw=
github.com/mehoggan/simple-wiki-web-app-go v0.1.3 h1:2Fz7ondOnL7Ok4kqoAPXXN75+gwwRZtUIs6jnY8X70Y=
github.com/mehoggan/simple-wiki-web-app-go v0.1.3/go.mod h1:pIaxps5jmc9pn0J9JDiSCblrXLVPEAta+hDLHKOZvjw=
github.com/mehoggan/vinyl-collection-service-go v0.1.1 h1:3+Md0iVMLWjJ864rlDrO7c6dZisct+3+AbY09Mj0nas=
github.com/mehoggan/vinyl-collection-service-go v0.1.1/go.mod h1:x19N/Sa3PuDBrvj++W4jSC1vBWwOWz5bsLhpVAi/plQ=
github.com/mehoggan/vinyl-collection-service-go v0.1.2 h1:Y0J1EsHmyF3IHoxNq69v6CiKBPCOknVfyNHUsdToveY=
github.com/mehoggan/vinyl-collection-service-go v0.1.2/go.mod h1:x19N/Sa3PuDBrvj++W4jSC1vBWwOWz5bsLhpVAi/plQ=
