github.com/mehoggan/stringutil-go v0.0.0-20221029115023-0d21fe55bb4b h1:4cRxOlaLjYly5iugiUw3JmCdgBmG0Br52E1ioCi5CYE=
github.com/mehoggan/stringutil-go v0.0.0-20221029115023-0d21fe55bb4b/go.mod h1:81JWrsl/F+O8oz3xnIn4sDUd0xF472HP2UYxrJlUD2o=
github.com/mehoggan/stringutil-go v0.0.1 h1:5PMtxjOcXMLRAVl98VmrJ95IhL7eTYglBmmVPXl4cDc=
github.com/mehoggan/stringutil-go v0.0.1/go.mod h1:81JWrsl/F+O8oz3xnIn4sDUd0xF472HP2UYxrJlUD2o=
